
Microsoft Visual Studio Solution File, Format Version 12.00
# Visual Studio Version 16
VisualStudioVersion = 16.0.810.17
MinimumVisualStudioVersion = 10.0.40219.1
Project("{FAE04EC0-301F-11D3-BF4B-00C04F79EFBC}") = "PhoneAnalyze", "PhoneAnalyze.csproj", "{6B4D7D4A-5B1A-49B0-9B9B-C37509ADF897}"
EndProject
Global
	GlobalSection(SolutionConfigurationPlatforms) = preSolution
		Debug|Any CPU = Debug|Any CPU
		Release|Any CPU = Release|Any CPU
	EndGlobalSection
	GlobalSection(ProjectConfigurationPlatforms) = postSolution
		{6B4D7D4A-5B1A-49B0-9B9B-C37509ADF897}.Debug|Any CPU.ActiveCfg = Debug|Any CPU
		{6B4D7D4A-5B1A-49B0-9B9B-C37509ADF897}.Debug|Any CPU.Build.0 = Debug|Any CPU
		{6B4D7D4A-5B1A-49B0-9B9B-C37509ADF897}.Release|Any CPU.ActiveCfg = Release|Any CPU
		{6B4D7D4A-5B1A-49B0-9B9B-C37509ADF897}.Release|Any CPU.Build.0 = Release|Any CPU
	EndGlobalSection
	GlobalSection(SolutionProperties) = preSolution
		HideSolutionNode = FALSE
	EndGlobalSection
	GlobalSection(ExtensibilityGlobals) = postSolution
		SolutionGuid = {0EBA38ED-6364-4A41-B378-B981F65E2710}
	EndGlobalSection
EndGlobal
